// !$*UTF8*$!
{
	archiveVersion = 1;
	classes = {
	};
	objectVersion = 56;
	objects = {

/* Begin PBXBuildFile section */
		421365352A20AA5700820602 /* CallCFuApp.swift in Sources */ = {isa = PBXBuildFile; fileRef = 421365342A20AA5700820602 /* CallCFuApp.swift */; };
		421365372A20AA5700820602 /* HomePage.swift in Sources */ = {isa = PBXBuildFile; fileRef = 421365362A20AA5700820602 /* HomePage.swift */; };
		421365392A20AA5800820602 /* assets.xcassets in Resources */ = {isa = PBXBuildFile; fileRef = 421365382A20AA5800820602 /* assets.xcassets */; };
		4213653C2A20AA5800820602 /* Preview Assets.xcassets in Resources */ = {isa = PBXBuildFile; fileRef = 4213653B2A20AA5800820602 /* Preview Assets.xcassets */; };
		421365442A20B33800820602 /* Color+.swift in Sources */ = {isa = PBXBuildFile; fileRef = 421365432A20B33800820602 /* Color+.swift */; };
		421365462A20BDD300820602 /* Image+.swift in Sources */ = {isa = PBXBuildFile; fileRef = 421365452A20BDD300820602 /* Image+.swift */; };
		421365482A20C3C000820602 /* View+.swift in Sources */ = {isa = PBXBuildFile; fileRef = 421365472A20C3C000820602 /* View+.swift */; };
		4245620A2A21AC83002B454A /* ServiceAPIManager.swift in Sources */ = {isa = PBXBuildFile; fileRef = 424562092A21AC83002B454A /* ServiceAPIManager.swift */; };
		4245620F2A21C3CE002B454A /* UserFeedBackAPIManager.swift in Sources */ = {isa = PBXBuildFile; fileRef = 4245620E2A21C3CE002B454A /* UserFeedBackAPIManager.swift */; };
		424562112A21C64A002B454A /* NewsAPIManager.swift in Sources */ = {isa = PBXBuildFile; fileRef = 424562102A21C64A002B454A /* NewsAPIManager.swift */; };
		424562132A21C65E002B454A /* Response.swift in Sources */ = {isa = PBXBuildFile; fileRef = 424562122A21C65E002B454A /* Response.swift */; };
		42F3BC182A25A8B5002161DB /* String+View.swift in Sources */ = {isa = PBXBuildFile; fileRef = 42F3BC172A25A8B5002161DB /* String+View.swift */; };
		42F3BC1B2A25AC5C002161DB /* LatestInfo.swift in Sources */ = {isa = PBXBuildFile; fileRef = 42F3BC1A2A25AC5C002161DB /* LatestInfo.swift */; };
		42F3BC1D2A25B563002161DB /* FAQ.swift in Sources */ = {isa = PBXBuildFile; fileRef = 42F3BC1C2A25B563002161DB /* FAQ.swift */; };
		42F3BC1F2A25B587002161DB /* NavigationView.swift in Sources */ = {isa = PBXBuildFile; fileRef = 42F3BC1E2A25B587002161DB /* NavigationView.swift */; };
		42F3BC212A25C04D002161DB /* PrivacyPolicy.swift in Sources */ = {isa = PBXBuildFile; fileRef = 42F3BC202A25C04D002161DB /* PrivacyPolicy.swift */; };
		42F3BC232A25C182002161DB /* Aboutus.swift in Sources */ = {isa = PBXBuildFile; fileRef = 42F3BC222A25C182002161DB /* Aboutus.swift */; };
		42F3BC252A25C30A002161DB /* PastRecords.swift in Sources */ = {isa = PBXBuildFile; fileRef = 42F3BC242A25C30A002161DB /* PastRecords.swift */; };
		42F3BC272A25C618002161DB /* Option.swift in Sources */ = {isa = PBXBuildFile; fileRef = 42F3BC262A25C618002161DB /* Option.swift */; };
		42FAD5082A246C0500CFC092 /* AppEntry.swift in Sources */ = {isa = PBXBuildFile; fileRef = 42FAD5072A246C0500CFC092 /* AppEntry.swift */; };
		42FAD50A2A246FF600CFC092 /* OrderRecordsPage.swift in Sources */ = {isa = PBXBuildFile; fileRef = 42FAD5092A246FF600CFC092 /* OrderRecordsPage.swift */; };
		42FAD50D2A24819D00CFC092 /* MessagePage.swift in Sources */ = {isa = PBXBuildFile; fileRef = 42FAD50C2A24819D00CFC092 /* MessagePage.swift */; };
		42FAD50F2A24834400CFC092 /* MyCFu.swift in Sources */ = {isa = PBXBuildFile; fileRef = 42FAD50E2A24834400CFC092 /* MyCFu.swift */; };
		42FAD5112A24A94400CFC092 /* SettingPage.swift in Sources */ = {isa = PBXBuildFile; fileRef = 42FAD5102A24A94400CFC092 /* SettingPage.swift */; };
/* End PBXBuildFile section */

/* Begin PBXFileReference section */
		421365312A20AA5700820602 /* CallCFu.app */ = {isa = PBXFileReference; explicitFileType = wrapper.application; includeInIndex = 0; path = CallCFu.app; sourceTree = BUILT_PRODUCTS_DIR; };
		421365342A20AA5700820602 /* CallCFuApp.swift */ = {isa = PBXFileReference; lastKnownFileType = sourcecode.swift; path = CallCFuApp.swift; sourceTree = "<group>"; };
		421365362A20AA5700820602 /* HomePage.swift */ = {isa = PBXFileReference; lastKnownFileType = sourcecode.swift; path = HomePage.swift; sourceTree = "<group>"; };
		421365382A20AA5800820602 /* assets.xcassets */ = {isa = PBXFileReference; lastKnownFileType = folder.assetcatalog; path = assets.xcassets; sourceTree = "<group>"; };
		4213653B2A20AA5800820602 /* Preview Assets.xcassets */ = {isa = PBXFileReference; lastKnownFileType = folder.assetcatalog; path = "Preview Assets.xcassets"; sourceTree = "<group>"; };
		421365432A20B33800820602 /* Color+.swift */ = {isa = PBXFileReference; lastKnownFileType = sourcecode.swift; path = "Color+.swift"; sourceTree = "<group>"; };
		421365452A20BDD300820602 /* Image+.swift */ = {isa = PBXFileReference; lastKnownFileType = sourcecode.swift; path = "Image+.swift"; sourceTree = "<group>"; };
		421365472A20C3C000820602 /* View+.swift */ = {isa = PBXFileReference; lastKnownFileType = sourcecode.swift; path = "View+.swift"; sourceTree = "<group>"; };
		424562092A21AC83002B454A /* ServiceAPIManager.swift */ = {isa = PBXFileReference; lastKnownFileType = sourcecode.swift; path = ServiceAPIManager.swift; sourceTree = "<group>"; };
		4245620E2A21C3CE002B454A /* UserFeedBackAPIManager.swift */ = {isa = PBXFileReference; lastKnownFileType = sourcecode.swift; path = UserFeedBackAPIManager.swift; sourceTree = "<group>"; };
		424562102A21C64A002B454A /* NewsAPIManager.swift */ = {isa = PBXFileReference; lastKnownFileType = sourcecode.swift; path = NewsAPIManager.swift; sourceTree = "<group>"; };
		424562122A21C65E002B454A /* Response.swift */ = {isa = PBXFileReference; lastKnownFileType = sourcecode.swift; path = Response.swift; sourceTree = "<group>"; };
		42F3BC172A25A8B5002161DB /* String+View.swift */ = {isa = PBXFileReference; lastKnownFileType = sourcecode.swift; path = "String+View.swift"; sourceTree = "<group>"; };
		42F3BC1A2A25AC5C002161DB /* LatestInfo.swift */ = {isa = PBXFileReference; lastKnownFileType = sourcecode.swift; path = LatestInfo.swift; sourceTree = "<group>"; };
		42F3BC1C2A25B563002161DB /* FAQ.swift */ = {isa = PBXFileReference; lastKnownFileType = sourcecode.swift; path = FAQ.swift; sourceTree = "<group>"; };
		42F3BC1E2A25B587002161DB /* NavigationView.swift */ = {isa = PBXFileReference; lastKnownFileType = sourcecode.swift; path = NavigationView.swift; sourceTree = "<group>"; };
		42F3BC202A25C04D002161DB /* PrivacyPolicy.swift */ = {isa = PBXFileReference; lastKnownFileType = sourcecode.swift; path = PrivacyPolicy.swift; sourceTree = "<group>"; };
		42F3BC222A25C182002161DB /* Aboutus.swift */ = {isa = PBXFileReference; lastKnownFileType = sourcecode.swift; path = Aboutus.swift; sourceTree = "<group>"; };
		42F3BC242A25C30A002161DB /* PastRecords.swift */ = {isa = PBXFileReference; lastKnownFileType = sourcecode.swift; path = PastRecords.swift; sourceTree = "<group>"; };
		42F3BC262A25C618002161DB /* Option.swift */ = {isa = PBXFileReference; lastKnownFileType = sourcecode.swift; path = Option.swift; sourceTree = "<group>"; };
		42FAD5072A246C0500CFC092 /* AppEntry.swift */ = {isa = PBXFileReference; lastKnownFileType = sourcecode.swift; path = AppEntry.swift; sourceTree = "<group>"; };
		42FAD5092A246FF600CFC092 /* OrderRecordsPage.swift */ = {isa = PBXFileReference; lastKnownFileType = sourcecode.swift; path = OrderRecordsPage.swift; sourceTree = "<group>"; };
		42FAD50C2A24819D00CFC092 /* MessagePage.swift */ = {isa = PBXFileReference; lastKnownFileType = sourcecode.swift; path = MessagePage.swift; sourceTree = "<group>"; };
		42FAD50E2A24834400CFC092 /* MyCFu.swift */ = {isa = PBXFileReference; lastKnownFileType = sourcecode.swift; path = MyCFu.swift; sourceTree = "<group>"; };
		42FAD5102A24A94400CFC092 /* SettingPage.swift */ = {isa = PBXFileReference; lastKnownFileType = sourcecode.swift; path = SettingPage.swift; sourceTree = "<group>"; };
/* End PBXFileReference section */

/* Begin PBXFrameworksBuildPhase section */
		4213652E2A20AA5700820602 /* Frameworks */ = {
			isa = PBXFrameworksBuildPhase;
			buildActionMask = 2147483647;
			files = (
			);
			runOnlyForDeploymentPostprocessing = 0;
		};
/* End PBXFrameworksBuildPhase section */

/* Begin PBXGroup section */
		421365282A20AA5700820602 = {
			isa = PBXGroup;
			children = (
				421365332A20AA5700820602 /* CallCFu */,
				421365322A20AA5700820602 /* Products */,
			);
			sourceTree = "<group>";
		};
		421365322A20AA5700820602 /* Products */ = {
			isa = PBXGroup;
			children = (
				421365312A20AA5700820602 /* CallCFu.app */,
			);
			name = Products;
			sourceTree = "<group>";
		};
		421365332A20AA5700820602 /* CallCFu */ = {
			isa = PBXGroup;
			children = (
				42FAD50B2A24817700CFC092 /* Screen */,
				424562082A21ABBF002B454A /* Manager */,
				421365422A20B32400820602 /* Extension */,
				421365342A20AA5700820602 /* CallCFuApp.swift */,
				421365382A20AA5800820602 /* assets.xcassets */,
				4213653A2A20AA5800820602 /* Preview Content */,
				42FAD5072A246C0500CFC092 /* AppEntry.swift */,
			);
			path = CallCFu;
			sourceTree = "<group>";
		};
		4213653A2A20AA5800820602 /* Preview Content */ = {
			isa = PBXGroup;
			children = (
				4213653B2A20AA5800820602 /* Preview Assets.xcassets */,
			);
			path = "Preview Content";
			sourceTree = "<group>";
		};
		421365422A20B32400820602 /* Extension */ = {
			isa = PBXGroup;
			children = (
				421365432A20B33800820602 /* Color+.swift */,
				421365452A20BDD300820602 /* Image+.swift */,
				421365472A20C3C000820602 /* View+.swift */,
				42F3BC172A25A8B5002161DB /* String+View.swift */,
			);
			path = Extension;
			sourceTree = "<group>";
		};
		424562082A21ABBF002B454A /* Manager */ = {
			isa = PBXGroup;
			children = (
				424562092A21AC83002B454A /* ServiceAPIManager.swift */,
				4245620E2A21C3CE002B454A /* UserFeedBackAPIManager.swift */,
				424562102A21C64A002B454A /* NewsAPIManager.swift */,
				424562122A21C65E002B454A /* Response.swift */,
			);
			path = Manager;
			sourceTree = "<group>";
		};
		42F3BC192A25AC40002161DB /* Settings+ */ = {
			isa = PBXGroup;
			children = (
				42F3BC1A2A25AC5C002161DB /* LatestInfo.swift */,
				42F3BC1C2A25B563002161DB /* FAQ.swift */,
				42F3BC1E2A25B587002161DB /* NavigationView.swift */,
				42F3BC202A25C04D002161DB /* PrivacyPolicy.swift */,
				42F3BC222A25C182002161DB /* Aboutus.swift */,
				42F3BC242A25C30A002161DB /* PastRecords.swift */,
				42F3BC262A25C618002161DB /* Option.swift */,
			);
			path = "Settings+";
			sourceTree = "<group>";
		};
		42FAD50B2A24817700CFC092 /* Screen */ = {
			isa = PBXGroup;
			children = (
				42F3BC192A25AC40002161DB /* Settings+ */,
				421365362A20AA5700820602 /* HomePage.swift */,
				42FAD5092A246FF600CFC092 /* OrderRecordsPage.swift */,
				42FAD50C2A24819D00CFC092 /* MessagePage.swift */,
				42FAD50E2A24834400CFC092 /* MyCFu.swift */,
				42FAD5102A24A94400CFC092 /* SettingPage.swift */,
			);
			path = Screen;
			sourceTree = "<group>";
		};
/* End PBXGroup section */

/* Begin PBXNativeTarget section */
		421365302A20AA5700820602 /* CallCFu */ = {
			isa = PBXNativeTarget;
			buildConfigurationList = 4213653F2A20AA5800820602 /* Build configuration list for PBXNativeTarget "CallCFu" */;
			buildPhases = (
				4213652D2A20AA5700820602 /* Sources */,
				4213652E2A20AA5700820602 /* Frameworks */,
				4213652F2A20AA5700820602 /* Resources */,
			);
			buildRules = (
			);
			dependencies = (
			);
			name = CallCFu;
			productName = CallCFu;
			productReference = 421365312A20AA5700820602 /* CallCFu.app */;
			productType = "com.apple.product-type.application";
		};
/* End PBXNativeTarget section */

/* Begin PBXProject section */
		421365292A20AA5700820602 /* Project object */ = {
			isa = PBXProject;
			attributes = {
				BuildIndependentTargetsInParallel = 1;
				LastSwiftUpdateCheck = 1420;
				LastUpgradeCheck = 1420;
				TargetAttributes = {
					421365302A20AA5700820602 = {
						CreatedOnToolsVersion = 14.2;
					};
				};
			};
			buildConfigurationList = 4213652C2A20AA5700820602 /* Build configuration list for PBXProject "CallCFu" */;
			compatibilityVersion = "Xcode 14.0";
			developmentRegion = en;
			hasScannedForEncodings = 0;
			knownRegions = (
				en,
				Base,
			);
			mainGroup = 421365282A20AA5700820602;
			productRefGroup = 421365322A20AA5700820602 /* Products */;
			projectDirPath = "";
			projectRoot = "";
			targets = (
				421365302A20AA5700820602 /* CallCFu */,
			);
		};
/* End PBXProject section */

/* Begin PBXResourcesBuildPhase section */
		4213652F2A20AA5700820602 /* Resources */ = {
			isa = PBXResourcesBuildPhase;
			buildActionMask = 2147483647;
			files = (
				4213653C2A20AA5800820602 /* Preview Assets.xcassets in Resources */,
				421365392A20AA5800820602 /* assets.xcassets in Resources */,
			);
			runOnlyForDeploymentPostprocessing = 0;
		};
/* End PBXResourcesBuildPhase section */

/* Begin PBXSourcesBuildPhase section */
		4213652D2A20AA5700820602 /* Sources */ = {
			isa = PBXSourcesBuildPhase;
			buildActionMask = 2147483647;
			files = (
				421365372A20AA5700820602 /* HomePage.swift in Sources */,
				42FAD5112A24A94400CFC092 /* SettingPage.swift in Sources */,
				424562112A21C64A002B454A /* NewsAPIManager.swift in Sources */,
				42FAD50D2A24819D00CFC092 /* MessagePage.swift in Sources */,
				42F3BC1B2A25AC5C002161DB /* LatestInfo.swift in Sources */,
				42F3BC1D2A25B563002161DB /* FAQ.swift in Sources */,
				42F3BC252A25C30A002161DB /* PastRecords.swift in Sources */,
				42FAD50A2A246FF600CFC092 /* OrderRecordsPage.swift in Sources */,
				42FAD5082A246C0500CFC092 /* AppEntry.swift in Sources */,
				421365462A20BDD300820602 /* Image+.swift in Sources */,
				421365442A20B33800820602 /* Color+.swift in Sources */,
				42F3BC1F2A25B587002161DB /* NavigationView.swift in Sources */,
				424562132A21C65E002B454A /* Response.swift in Sources */,
				421365482A20C3C000820602 /* View+.swift in Sources */,
				42F3BC272A25C618002161DB /* Option.swift in Sources */,
				42F3BC182A25A8B5002161DB /* String+View.swift in Sources */,
				42F3BC212A25C04D002161DB /* PrivacyPolicy.swift in Sources */,
				42F3BC232A25C182002161DB /* Aboutus.swift in Sources */,
				4245620F2A21C3CE002B454A /* UserFeedBackAPIManager.swift in Sources */,
				4245620A2A21AC83002B454A /* ServiceAPIManager.swift in Sources */,
				421365352A20AA5700820602 /* CallCFuApp.swift in Sources */,
				42FAD50F2A24834400CFC092 /* MyCFu.swift in Sources */,
			);
			runOnlyForDeploymentPostprocessing = 0;
		};
/* End PBXSourcesBuildPhase section */

/* Begin XCBuildConfiguration section */
		4213653D2A20AA5800820602 /* Debug */ = {
			isa = XCBuildConfiguration;
			buildSettings = {
				ALWAYS_SEARCH_USER_PATHS = NO;
				CLANG_ANALYZER_NONNULL = YES;
				CLANG_ANALYZER_NUMBER_OBJECT_CONVERSION = YES_AGGRESSIVE;
				CLANG_CXX_LANGUAGE_STANDARD = "gnu++20";
				CLANG_ENABLE_MODULES = YES;
				CLANG_ENABLE_OBJC_ARC = YES;
				CLANG_ENABLE_OBJC_WEAK = YES;
				CLANG_WARN_BLOCK_CAPTURE_AUTORELEASING = YES;
				CLANG_WARN_BOOL_CONVERSION = YES;
				CLANG_WARN_COMMA = YES;
				CLANG_WARN_CONSTANT_CONVERSION = YES;
				CLANG_WARN_DEPRECATED_OBJC_IMPLEMENTATIONS = YES;
				CLANG_WARN_DIRECT_OBJC_ISA_USAGE = YES_ERROR;
				CLANG_WARN_DOCUMENTATION_COMMENTS = YES;
				CLANG_WARN_EMPTY_BODY = YES;
				CLANG_WARN_ENUM_CONVERSION = YES;
				CLANG_WARN_INFINITE_RECURSION = YES;
				CLANG_WARN_INT_CONVERSION = YES;
				CLANG_WARN_NON_LITERAL_NULL_CONVERSION = YES;
				CLANG_WARN_OBJC_IMPLICIT_RETAIN_SELF = YES;
				CLANG_WARN_OBJC_LITERAL_CONVERSION = YES;
				CLANG_WARN_OBJC_ROOT_CLASS = YES_ERROR;
				CLANG_WARN_QUOTED_INCLUDE_IN_FRAMEWORK_HEADER = YES;
				CLANG_WARN_RANGE_LOOP_ANALYSIS = YES;
				CLANG_WARN_STRICT_PROTOTYPES = YES;
				CLANG_WARN_SUSPICIOUS_MOVE = YES;
				CLANG_WARN_UNGUARDED_AVAILABILITY = YES_AGGRESSIVE;
				CLANG_WARN_UNREACHABLE_CODE = YES;
				CLANG_WARN__DUPLICATE_METHOD_MATCH = YES;
				COPY_PHASE_STRIP = NO;
				DEBUG_INFORMATION_FORMAT = dwarf;
				ENABLE_STRICT_OBJC_MSGSEND = YES;
				ENABLE_TESTABILITY = YES;
				GCC_C_LANGUAGE_STANDARD = gnu11;
				GCC_DYNAMIC_NO_PIC = NO;
				GCC_NO_COMMON_BLOCKS = YES;
				GCC_OPTIMIZATION_LEVEL = 0;
				GCC_PREPROCESSOR_DEFINITIONS = (
					"DEBUG=1",
					"$(inherited)",
				);
				GCC_WARN_64_TO_32_BIT_CONVERSION = YES;
				GCC_WARN_ABOUT_RETURN_TYPE = YES_ERROR;
				GCC_WARN_UNDECLARED_SELECTOR = YES;
				GCC_WARN_UNINITIALIZED_AUTOS = YES_AGGRESSIVE;
				GCC_WARN_UNUSED_FUNCTION = YES;
				GCC_WARN_UNUSED_VARIABLE = YES;
				IPHONEOS_DEPLOYMENT_TARGET = 16.2;
				MTL_ENABLE_DEBUG_INFO = INCLUDE_SOURCE;
				MTL_FAST_MATH = YES;
				ONLY_ACTIVE_ARCH = YES;
				SDKROOT = iphoneos;
				SWIFT_ACTIVE_COMPILATION_CONDITIONS = DEBUG;
				SWIFT_OPTIMIZATION_LEVEL = "-Onone";
			};
			name = Debug;
		};
		4213653E2A20AA5800820602 /* Release */ = {
			isa = XCBuildConfiguration;
			buildSettings = {
				ALWAYS_SEARCH_USER_PATHS = NO;
				CLANG_ANALYZER_NONNULL = YES;
				CLANG_ANALYZER_NUMBER_OBJECT_CONVERSION = YES_AGGRESSIVE;
				CLANG_CXX_LANGUAGE_STANDARD = "gnu++20";
				CLANG_ENABLE_MODULES = YES;
				CLANG_ENABLE_OBJC_ARC = YES;
				CLANG_ENABLE_OBJC_WEAK = YES;
				CLANG_WARN_BLOCK_CAPTURE_AUTORELEASING = YES;
				CLANG_WARN_BOOL_CONVERSION = YES;
				CLANG_WARN_COMMA = YES;
				CLANG_WARN_CONSTANT_CONVERSION = YES;
				CLANG_WARN_DEPRECATED_OBJC_IMPLEMENTATIONS = YES;
				CLANG_WARN_DIRECT_OBJC_ISA_USAGE = YES_ERROR;
				CLANG_WARN_DOCUMENTATION_COMMENTS = YES;
				CLANG_WARN_EMPTY_BODY = YES;
				CLANG_WARN_ENUM_CONVERSION = YES;
				CLANG_WARN_INFINITE_RECURSION = YES;
				CLANG_WARN_INT_CONVERSION = YES;
				CLANG_WARN_NON_LITERAL_NULL_CONVERSION = YES;
				CLANG_WARN_OBJC_IMPLICIT_RETAIN_SELF = YES;
				CLANG_WARN_OBJC_LITERAL_CONVERSION = YES;
				CLANG_WARN_OBJC_ROOT_CLASS = YES_ERROR;
				CLANG_WARN_QUOTED_INCLUDE_IN_FRAMEWORK_HEADER = YES;
				CLANG_WARN_RANGE_LOOP_ANALYSIS = YES;
				CLANG_WARN_STRICT_PROTOTYPES = YES;
				CLANG_WARN_SUSPICIOUS_MOVE = YES;
				CLANG_WARN_UNGUARDED_AVAILABILITY = YES_AGGRESSIVE;
				CLANG_WARN_UNREACHABLE_CODE = YES;
				CLANG_WARN__DUPLICATE_METHOD_MATCH = YES;
				COPY_PHASE_STRIP = NO;
				DEBUG_INFORMATION_FORMAT = "dwarf-with-dsym";
				ENABLE_NS_ASSERTIONS = NO;
				ENABLE_STRICT_OBJC_MSGSEND = YES;
				GCC_C_LANGUAGE_STANDARD = gnu11;
				GCC_NO_COMMON_BLOCKS = YES;
				GCC_WARN_64_TO_32_BIT_CONVERSION = YES;
				GCC_WARN_ABOUT_RETURN_TYPE = YES_ERROR;
				GCC_WARN_UNDECLARED_SELECTOR = YES;
				GCC_WARN_UNINITIALIZED_AUTOS = YES_AGGRESSIVE;
				GCC_WARN_UNUSED_FUNCTION = YES;
				GCC_WARN_UNUSED_VARIABLE = YES;
				IPHONEOS_DEPLOYMENT_TARGET = 16.2;
				MTL_ENABLE_DEBUG_INFO = NO;
				MTL_FAST_MATH = YES;
				SDKROOT = iphoneos;
				SWIFT_COMPILATION_MODE = wholemodule;
				SWIFT_OPTIMIZATION_LEVEL = "-O";
				VALIDATE_PRODUCT = YES;
			};
			name = Release;
		};
		421365402A20AA5800820602 /* Debug */ = {
			isa = XCBuildConfiguration;
			buildSettings = {
				ASSETCATALOG_COMPILER_APPICON_NAME = AppIcon;
				ASSETCATALOG_COMPILER_GLOBAL_ACCENT_COLOR_NAME = AccentColor;
				CODE_SIGN_STYLE = Automatic;
				CURRENT_PROJECT_VERSION = 1;
				DEVELOPMENT_ASSET_PATHS = "\"CallCFu/Preview Content\"";
				DEVELOPMENT_TEAM = VW6AF5Z6XL;
				ENABLE_PREVIEWS = YES;
				GENERATE_INFOPLIST_FILE = YES;
				INFOPLIST_KEY_UIApplicationSceneManifest_Generation = YES;
				INFOPLIST_KEY_UIApplicationSupportsIndirectInputEvents = YES;
				INFOPLIST_KEY_UILaunchScreen_Generation = YES;
				INFOPLIST_KEY_UISupportedInterfaceOrientations_iPad = "UIInterfaceOrientationPortrait UIInterfaceOrientationPortraitUpsideDown UIInterfaceOrientationLandscapeLeft UIInterfaceOrientationLandscapeRight";
				INFOPLIST_KEY_UISupportedInterfaceOrientations_iPhone = "UIInterfaceOrientationPortrait UIInterfaceOrientationLandscapeLeft UIInterfaceOrientationLandscapeRight";
				LD_RUNPATH_SEARCH_PATHS = (
					"$(inherited)",
					"@executable_path/Frameworks",
				);
				MARKETING_VERSION = 1.0;
				PRODUCT_BUNDLE_IDENTIFIER = com.Ryu.CallCFu;
				PRODUCT_NAME = "$(TARGET_NAME)";
				SWIFT_EMIT_LOC_STRINGS = YES;
				SWIFT_VERSION = 5.0;
				TARGETED_DEVICE_FAMILY = "1,2";
			};
			name = Debug;
		};
		421365412A20AA5800820602 /* Release */ = {
			isa = XCBuildConfiguration;
			buildSettings = {
				ASSETCATALOG_COMPILER_APPICON_NAME = AppIcon;
				ASSETCATALOG_COMPILER_GLOBAL_ACCENT_COLOR_NAME = AccentColor;
				CODE_SIGN_STYLE = Automatic;
				CURRENT_PROJECT_VERSION = 1;
				DEVELOPMENT_ASSET_PATHS = "\"CallCFu/Preview Content\"";
				DEVELOPMENT_TEAM = VW6AF5Z6XL;
				ENABLE_PREVIEWS = YES;
				GENERATE_INFOPLIST_FILE = YES;
				INFOPLIST_KEY_UIApplicationSceneManifest_Generation = YES;
				INFOPLIST_KEY_UIApplicationSupportsIndirectInputEvents = YES;
				INFOPLIST_KEY_UILaunchScreen_Generation = YES;
				INFOPLIST_KEY_UISupportedInterfaceOrientations_iPad = "UIInterfaceOrientationPortrait UIInterfaceOrientationPortraitUpsideDown UIInterfaceOrientationLandscapeLeft UIInterfaceOrientationLandscapeRight";
				INFOPLIST_KEY_UISupportedInterfaceOrientations_iPhone = "UIInterfaceOrientationPortrait UIInterfaceOrientationLandscapeLeft UIInterfaceOrientationLandscapeRight";
				LD_RUNPATH_SEARCH_PATHS = (
					"$(inherited)",
					"@executable_path/Frameworks",
				);
				MARKETING_VERSION = 1.0;
				PRODUCT_BUNDLE_IDENTIFIER = com.Ryu.CallCFu;
				PRODUCT_NAME = "$(TARGET_NAME)";
				SWIFT_EMIT_LOC_STRINGS = YES;
				SWIFT_VERSION = 5.0;
				TARGETED_DEVICE_FAMILY = "1,2";
			};
			name = Release;
		};
/* End XCBuildConfiguration section */

/* Begin XCConfigurationList section */
		4213652C2A20AA5700820602 /* Build configuration list for PBXProject "CallCFu" */ = {
			isa = XCConfigurationList;
			buildConfigurations = (
				4213653D2A20AA5800820602 /* Debug */,
				4213653E2A20AA5800820602 /* Release */,
			);
			defaultConfigurationIsVisible = 0;
			defaultConfigurationName = Release;
		};
		4213653F2A20AA5800820602 /* Build configuration list for PBXNativeTarget "CallCFu" */ = {
			isa = XCConfigurationList;
			buildConfigurations = (
				421365402A20AA5800820602 /* Debug */,
				421365412A20AA5800820602 /* Release */,
			);
			defaultConfigurationIsVisible = 0;
			defaultConfigurationName = Release;
		};
/* End XCConfigurationList section */
	};
	rootObject = 421365292A20AA5700820602 /* Project object */;
}
