// !$*UTF8*$!
{
	archiveVersion = 1;
	classes = {
	};
	objectVersion = 56;
	objects = {

/* Begin PBXBuildFile section */
		42187C632A27580D0017FB7C /* SpotifyApp.swift in Sources */ = {isa = PBXBuildFile; fileRef = 42187C622A27580D0017FB7C /* SpotifyApp.swift */; };
		42187C652A27580D0017FB7C /* HomePage.swift in Sources */ = {isa = PBXBuildFile; fileRef = 42187C642A27580D0017FB7C /* HomePage.swift */; };
		42187C672A27580F0017FB7C /* Assets.xcassets in Resources */ = {isa = PBXBuildFile; fileRef = 42187C662A27580F0017FB7C /* Assets.xcassets */; };
		42187C6A2A27580F0017FB7C /* Preview Assets.xcassets in Resources */ = {isa = PBXBuildFile; fileRef = 42187C692A27580F0017FB7C /* Preview Assets.xcassets */; };
		42187C712A2785320017FB7C /* SpotifyAppView.swift in Sources */ = {isa = PBXBuildFile; fileRef = 42187C702A2785320017FB7C /* SpotifyAppView.swift */; };
		4275EBD02A289C83008976B7 /* Popup+ActivePlay.swift in Sources */ = {isa = PBXBuildFile; fileRef = 4275EBCF2A289C83008976B7 /* Popup+ActivePlay.swift */; };
		4275EBD22A289D75008976B7 /* MiniPlayBar.swift in Sources */ = {isa = PBXBuildFile; fileRef = 4275EBD12A289D75008976B7 /* MiniPlayBar.swift */; };
		4275EBD62A28A0AE008976B7 /* MyLibrary.swift in Sources */ = {isa = PBXBuildFile; fileRef = 4275EBD52A28A0AE008976B7 /* MyLibrary.swift */; };
		4275EBD92A28A213008976B7 /* Tags.swift in Sources */ = {isa = PBXBuildFile; fileRef = 4275EBD82A28A213008976B7 /* Tags.swift */; };
/* End PBXBuildFile section */

/* Begin PBXFileReference section */
		42187C5F2A27580D0017FB7C /* Spotify.app */ = {isa = PBXFileReference; explicitFileType = wrapper.application; includeInIndex = 0; path = Spotify.app; sourceTree = BUILT_PRODUCTS_DIR; };
		42187C622A27580D0017FB7C /* SpotifyApp.swift */ = {isa = PBXFileReference; lastKnownFileType = sourcecode.swift; path = SpotifyApp.swift; sourceTree = "<group>"; };
		42187C642A27580D0017FB7C /* HomePage.swift */ = {isa = PBXFileReference; lastKnownFileType = sourcecode.swift; path = HomePage.swift; sourceTree = "<group>"; };
		42187C662A27580F0017FB7C /* Assets.xcassets */ = {isa = PBXFileReference; lastKnownFileType = folder.assetcatalog; path = Assets.xcassets; sourceTree = "<group>"; };
		42187C692A27580F0017FB7C /* Preview Assets.xcassets */ = {isa = PBXFileReference; lastKnownFileType = folder.assetcatalog; path = "Preview Assets.xcassets"; sourceTree = "<group>"; };
		42187C702A2785320017FB7C /* SpotifyAppView.swift */ = {isa = PBXFileReference; lastKnownFileType = sourcecode.swift; path = SpotifyAppView.swift; sourceTree = "<group>"; };
		4275EBCF2A289C83008976B7 /* Popup+ActivePlay.swift */ = {isa = PBXFileReference; lastKnownFileType = sourcecode.swift; path = "Popup+ActivePlay.swift"; sourceTree = "<group>"; };
		4275EBD12A289D75008976B7 /* MiniPlayBar.swift */ = {isa = PBXFileReference; lastKnownFileType = sourcecode.swift; path = MiniPlayBar.swift; sourceTree = "<group>"; };
		4275EBD52A28A0AE008976B7 /* MyLibrary.swift */ = {isa = PBXFileReference; lastKnownFileType = sourcecode.swift; path = MyLibrary.swift; sourceTree = "<group>"; };
		4275EBD82A28A213008976B7 /* Tags.swift */ = {isa = PBXFileReference; lastKnownFileType = sourcecode.swift; path = Tags.swift; sourceTree = "<group>"; };
/* End PBXFileReference section */

/* Begin PBXFrameworksBuildPhase section */
		42187C5C2A27580D0017FB7C /* Frameworks */ = {
			isa = PBXFrameworksBuildPhase;
			buildActionMask = 2147483647;
			files = (
			);
			runOnlyForDeploymentPostprocessing = 0;
		};
/* End PBXFrameworksBuildPhase section */

/* Begin PBXGroup section */
		42187C562A27580D0017FB7C = {
			isa = PBXGroup;
			children = (
				42187C612A27580D0017FB7C /* Spotify */,
				42187C602A27580D0017FB7C /* Products */,
			);
			sourceTree = "<group>";
		};
		42187C602A27580D0017FB7C /* Products */ = {
			isa = PBXGroup;
			children = (
				42187C5F2A27580D0017FB7C /* Spotify.app */,
			);
			name = Products;
			sourceTree = "<group>";
		};
		42187C612A27580D0017FB7C /* Spotify */ = {
			isa = PBXGroup;
			children = (
				4275EBCD2A289C47008976B7 /* Screen */,
				42187C622A27580D0017FB7C /* SpotifyApp.swift */,
				42187C662A27580F0017FB7C /* Assets.xcassets */,
				42187C682A27580F0017FB7C /* Preview Content */,
				42187C702A2785320017FB7C /* SpotifyAppView.swift */,
			);
			path = Spotify;
			sourceTree = "<group>";
		};
		42187C682A27580F0017FB7C /* Preview Content */ = {
			isa = PBXGroup;
			children = (
				42187C692A27580F0017FB7C /* Preview Assets.xcassets */,
			);
			path = "Preview Content";
			sourceTree = "<group>";
		};
		4275EBCD2A289C47008976B7 /* Screen */ = {
			isa = PBXGroup;
			children = (
				4275EBD72A28A1FD008976B7 /* Componment */,
				4275EBD42A28A0A0008976B7 /* MyLIbrary */,
				4275EBD32A289FE4008976B7 /* HomePage */,
			);
			path = Screen;
			sourceTree = "<group>";
		};
		4275EBCE2A289C56008976B7 /* View */ = {
			isa = PBXGroup;
			children = (
				4275EBCF2A289C83008976B7 /* Popup+ActivePlay.swift */,
				4275EBD12A289D75008976B7 /* MiniPlayBar.swift */,
			);
			path = View;
			sourceTree = "<group>";
		};
		4275EBD32A289FE4008976B7 /* HomePage */ = {
			isa = PBXGroup;
			children = (
				4275EBCE2A289C56008976B7 /* View */,
				42187C642A27580D0017FB7C /* HomePage.swift */,
			);
			path = HomePage;
			sourceTree = "<group>";
		};
		4275EBD42A28A0A0008976B7 /* MyLIbrary */ = {
			isa = PBXGroup;
			children = (
				4275EBD52A28A0AE008976B7 /* MyLibrary.swift */,
			);
			path = MyLIbrary;
			sourceTree = "<group>";
		};
		4275EBD72A28A1FD008976B7 /* Componment */ = {
			isa = PBXGroup;
			children = (
				4275EBD82A28A213008976B7 /* Tags.swift */,
			);
			path = Componment;
			sourceTree = "<group>";
		};
/* End PBXGroup section */

/* Begin PBXNativeTarget section */
		42187C5E2A27580D0017FB7C /* Spotify */ = {
			isa = PBXNativeTarget;
			buildConfigurationList = 42187C6D2A27580F0017FB7C /* Build configuration list for PBXNativeTarget "Spotify" */;
			buildPhases = (
				42187C5B2A27580D0017FB7C /* Sources */,
				42187C5C2A27580D0017FB7C /* Frameworks */,
				42187C5D2A27580D0017FB7C /* Resources */,
			);
			buildRules = (
			);
			dependencies = (
			);
			name = Spotify;
			productName = Spotify;
			productReference = 42187C5F2A27580D0017FB7C /* Spotify.app */;
			productType = "com.apple.product-type.application";
		};
/* End PBXNativeTarget section */

/* Begin PBXProject section */
		42187C572A27580D0017FB7C /* Project object */ = {
			isa = PBXProject;
			attributes = {
				BuildIndependentTargetsInParallel = 1;
				LastSwiftUpdateCheck = 1420;
				LastUpgradeCheck = 1420;
				TargetAttributes = {
					42187C5E2A27580D0017FB7C = {
						CreatedOnToolsVersion = 14.2;
					};
				};
			};
			buildConfigurationList = 42187C5A2A27580D0017FB7C /* Build configuration list for PBXProject "Spotify" */;
			compatibilityVersion = "Xcode 14.0";
			developmentRegion = en;
			hasScannedForEncodings = 0;
			knownRegions = (
				en,
				Base,
			);
			mainGroup = 42187C562A27580D0017FB7C;
			productRefGroup = 42187C602A27580D0017FB7C /* Products */;
			projectDirPath = "";
			projectRoot = "";
			targets = (
				42187C5E2A27580D0017FB7C /* Spotify */,
			);
		};
/* End PBXProject section */

/* Begin PBXResourcesBuildPhase section */
		42187C5D2A27580D0017FB7C /* Resources */ = {
			isa = PBXResourcesBuildPhase;
			buildActionMask = 2147483647;
			files = (
				42187C6A2A27580F0017FB7C /* Preview Assets.xcassets in Resources */,
				42187C672A27580F0017FB7C /* Assets.xcassets in Resources */,
			);
			runOnlyForDeploymentPostprocessing = 0;
		};
/* End PBXResourcesBuildPhase section */

/* Begin PBXSourcesBuildPhase section */
		42187C5B2A27580D0017FB7C /* Sources */ = {
			isa = PBXSourcesBuildPhase;
			buildActionMask = 2147483647;
			files = (
				42187C712A2785320017FB7C /* SpotifyAppView.swift in Sources */,
				42187C652A27580D0017FB7C /* HomePage.swift in Sources */,
				4275EBD92A28A213008976B7 /* Tags.swift in Sources */,
				4275EBD02A289C83008976B7 /* Popup+ActivePlay.swift in Sources */,
				42187C632A27580D0017FB7C /* SpotifyApp.swift in Sources */,
				4275EBD22A289D75008976B7 /* MiniPlayBar.swift in Sources */,
				4275EBD62A28A0AE008976B7 /* MyLibrary.swift in Sources */,
			);
			runOnlyForDeploymentPostprocessing = 0;
		};
/* End PBXSourcesBuildPhase section */

/* Begin XCBuildConfiguration section */
		42187C6B2A27580F0017FB7C /* Debug */ = {
			isa = XCBuildConfiguration;
			buildSettings = {
				ALWAYS_SEARCH_USER_PATHS = NO;
				CLANG_ANALYZER_NONNULL = YES;
				CLANG_ANALYZER_NUMBER_OBJECT_CONVERSION = YES_AGGRESSIVE;
				CLANG_CXX_LANGUAGE_STANDARD = "gnu++20";
				CLANG_ENABLE_MODULES = YES;
				CLANG_ENABLE_OBJC_ARC = YES;
				CLANG_ENABLE_OBJC_WEAK = YES;
				CLANG_WARN_BLOCK_CAPTURE_AUTORELEASING = YES;
				CLANG_WARN_BOOL_CONVERSION = YES;
				CLANG_WARN_COMMA = YES;
				CLANG_WARN_CONSTANT_CONVERSION = YES;
				CLANG_WARN_DEPRECATED_OBJC_IMPLEMENTATIONS = YES;
				CLANG_WARN_DIRECT_OBJC_ISA_USAGE = YES_ERROR;
				CLANG_WARN_DOCUMENTATION_COMMENTS = YES;
				CLANG_WARN_EMPTY_BODY = YES;
				CLANG_WARN_ENUM_CONVERSION = YES;
				CLANG_WARN_INFINITE_RECURSION = YES;
				CLANG_WARN_INT_CONVERSION = YES;
				CLANG_WARN_NON_LITERAL_NULL_CONVERSION = YES;
				CLANG_WARN_OBJC_IMPLICIT_RETAIN_SELF = YES;
				CLANG_WARN_OBJC_LITERAL_CONVERSION = YES;
				CLANG_WARN_OBJC_ROOT_CLASS = YES_ERROR;
				CLANG_WARN_QUOTED_INCLUDE_IN_FRAMEWORK_HEADER = YES;
				CLANG_WARN_RANGE_LOOP_ANALYSIS = YES;
				CLANG_WARN_STRICT_PROTOTYPES = YES;
				CLANG_WARN_SUSPICIOUS_MOVE = YES;
				CLANG_WARN_UNGUARDED_AVAILABILITY = YES_AGGRESSIVE;
				CLANG_WARN_UNREACHABLE_CODE = YES;
				CLANG_WARN__DUPLICATE_METHOD_MATCH = YES;
				COPY_PHASE_STRIP = NO;
				DEBUG_INFORMATION_FORMAT = dwarf;
				ENABLE_STRICT_OBJC_MSGSEND = YES;
				ENABLE_TESTABILITY = YES;
				GCC_C_LANGUAGE_STANDARD = gnu11;
				GCC_DYNAMIC_NO_PIC = NO;
				GCC_NO_COMMON_BLOCKS = YES;
				GCC_OPTIMIZATION_LEVEL = 0;
				GCC_PREPROCESSOR_DEFINITIONS = (
					"DEBUG=1",
					"$(inherited)",
				);
				GCC_WARN_64_TO_32_BIT_CONVERSION = YES;
				GCC_WARN_ABOUT_RETURN_TYPE = YES_ERROR;
				GCC_WARN_UNDECLARED_SELECTOR = YES;
				GCC_WARN_UNINITIALIZED_AUTOS = YES_AGGRESSIVE;
				GCC_WARN_UNUSED_FUNCTION = YES;
				GCC_WARN_UNUSED_VARIABLE = YES;
				IPHONEOS_DEPLOYMENT_TARGET = 16.2;
				MTL_ENABLE_DEBUG_INFO = INCLUDE_SOURCE;
				MTL_FAST_MATH = YES;
				ONLY_ACTIVE_ARCH = YES;
				SDKROOT = iphoneos;
				SWIFT_ACTIVE_COMPILATION_CONDITIONS = DEBUG;
				SWIFT_OPTIMIZATION_LEVEL = "-Onone";
			};
			name = Debug;
		};
		42187C6C2A27580F0017FB7C /* Release */ = {
			isa = XCBuildConfiguration;
			buildSettings = {
				ALWAYS_SEARCH_USER_PATHS = NO;
				CLANG_ANALYZER_NONNULL = YES;
				CLANG_ANALYZER_NUMBER_OBJECT_CONVERSION = YES_AGGRESSIVE;
				CLANG_CXX_LANGUAGE_STANDARD = "gnu++20";
				CLANG_ENABLE_MODULES = YES;
				CLANG_ENABLE_OBJC_ARC = YES;
				CLANG_ENABLE_OBJC_WEAK = YES;
				CLANG_WARN_BLOCK_CAPTURE_AUTORELEASING = YES;
				CLANG_WARN_BOOL_CONVERSION = YES;
				CLANG_WARN_COMMA = YES;
				CLANG_WARN_CONSTANT_CONVERSION = YES;
				CLANG_WARN_DEPRECATED_OBJC_IMPLEMENTATIONS = YES;
				CLANG_WARN_DIRECT_OBJC_ISA_USAGE = YES_ERROR;
				CLANG_WARN_DOCUMENTATION_COMMENTS = YES;
				CLANG_WARN_EMPTY_BODY = YES;
				CLANG_WARN_ENUM_CONVERSION = YES;
				CLANG_WARN_INFINITE_RECURSION = YES;
				CLANG_WARN_INT_CONVERSION = YES;
				CLANG_WARN_NON_LITERAL_NULL_CONVERSION = YES;
				CLANG_WARN_OBJC_IMPLICIT_RETAIN_SELF = YES;
				CLANG_WARN_OBJC_LITERAL_CONVERSION = YES;
				CLANG_WARN_OBJC_ROOT_CLASS = YES_ERROR;
				CLANG_WARN_QUOTED_INCLUDE_IN_FRAMEWORK_HEADER = YES;
				CLANG_WARN_RANGE_LOOP_ANALYSIS = YES;
				CLANG_WARN_STRICT_PROTOTYPES = YES;
				CLANG_WARN_SUSPICIOUS_MOVE = YES;
				CLANG_WARN_UNGUARDED_AVAILABILITY = YES_AGGRESSIVE;
				CLANG_WARN_UNREACHABLE_CODE = YES;
				CLANG_WARN__DUPLICATE_METHOD_MATCH = YES;
				COPY_PHASE_STRIP = NO;
				DEBUG_INFORMATION_FORMAT = "dwarf-with-dsym";
				ENABLE_NS_ASSERTIONS = NO;
				ENABLE_STRICT_OBJC_MSGSEND = YES;
				GCC_C_LANGUAGE_STANDARD = gnu11;
				GCC_NO_COMMON_BLOCKS = YES;
				GCC_WARN_64_TO_32_BIT_CONVERSION = YES;
				GCC_WARN_ABOUT_RETURN_TYPE = YES_ERROR;
				GCC_WARN_UNDECLARED_SELECTOR = YES;
				GCC_WARN_UNINITIALIZED_AUTOS = YES_AGGRESSIVE;
				GCC_WARN_UNUSED_FUNCTION = YES;
				GCC_WARN_UNUSED_VARIABLE = YES;
				IPHONEOS_DEPLOYMENT_TARGET = 16.2;
				MTL_ENABLE_DEBUG_INFO = NO;
				MTL_FAST_MATH = YES;
				SDKROOT = iphoneos;
				SWIFT_COMPILATION_MODE = wholemodule;
				SWIFT_OPTIMIZATION_LEVEL = "-O";
				VALIDATE_PRODUCT = YES;
			};
			name = Release;
		};
		42187C6E2A27580F0017FB7C /* Debug */ = {
			isa = XCBuildConfiguration;
			buildSettings = {
				ASSETCATALOG_COMPILER_APPICON_NAME = AppIcon;
				ASSETCATALOG_COMPILER_GLOBAL_ACCENT_COLOR_NAME = AccentColor;
				CODE_SIGN_STYLE = Automatic;
				CURRENT_PROJECT_VERSION = 1;
				DEVELOPMENT_ASSET_PATHS = "\"Spotify/Preview Content\"";
				DEVELOPMENT_TEAM = VW6AF5Z6XL;
				ENABLE_PREVIEWS = YES;
				GENERATE_INFOPLIST_FILE = YES;
				INFOPLIST_KEY_UIApplicationSceneManifest_Generation = YES;
				INFOPLIST_KEY_UIApplicationSupportsIndirectInputEvents = YES;
				INFOPLIST_KEY_UILaunchScreen_Generation = YES;
				INFOPLIST_KEY_UISupportedInterfaceOrientations_iPad = "UIInterfaceOrientationPortrait UIInterfaceOrientationPortraitUpsideDown UIInterfaceOrientationLandscapeLeft UIInterfaceOrientationLandscapeRight";
				INFOPLIST_KEY_UISupportedInterfaceOrientations_iPhone = "UIInterfaceOrientationPortrait UIInterfaceOrientationLandscapeLeft UIInterfaceOrientationLandscapeRight";
				LD_RUNPATH_SEARCH_PATHS = (
					"$(inherited)",
					"@executable_path/Frameworks",
				);
				MARKETING_VERSION = 1.0;
				PRODUCT_BUNDLE_IDENTIFIER = com.Ryu.Spotify;
				PRODUCT_NAME = "$(TARGET_NAME)";
				SWIFT_EMIT_LOC_STRINGS = YES;
				SWIFT_VERSION = 5.0;
				TARGETED_DEVICE_FAMILY = "1,2";
			};
			name = Debug;
		};
		42187C6F2A27580F0017FB7C /* Release */ = {
			isa = XCBuildConfiguration;
			buildSettings = {
				ASSETCATALOG_COMPILER_APPICON_NAME = AppIcon;
				ASSETCATALOG_COMPILER_GLOBAL_ACCENT_COLOR_NAME = AccentColor;
				CODE_SIGN_STYLE = Automatic;
				CURRENT_PROJECT_VERSION = 1;
				DEVELOPMENT_ASSET_PATHS = "\"Spotify/Preview Content\"";
				DEVELOPMENT_TEAM = VW6AF5Z6XL;
				ENABLE_PREVIEWS = YES;
				GENERATE_INFOPLIST_FILE = YES;
				INFOPLIST_KEY_UIApplicationSceneManifest_Generation = YES;
				INFOPLIST_KEY_UIApplicationSupportsIndirectInputEvents = YES;
				INFOPLIST_KEY_UILaunchScreen_Generation = YES;
				INFOPLIST_KEY_UISupportedInterfaceOrientations_iPad = "UIInterfaceOrientationPortrait UIInterfaceOrientationPortraitUpsideDown UIInterfaceOrientationLandscapeLeft UIInterfaceOrientationLandscapeRight";
				INFOPLIST_KEY_UISupportedInterfaceOrientations_iPhone = "UIInterfaceOrientationPortrait UIInterfaceOrientationLandscapeLeft UIInterfaceOrientationLandscapeRight";
				LD_RUNPATH_SEARCH_PATHS = (
					"$(inherited)",
					"@executable_path/Frameworks",
				);
				MARKETING_VERSION = 1.0;
				PRODUCT_BUNDLE_IDENTIFIER = com.Ryu.Spotify;
				PRODUCT_NAME = "$(TARGET_NAME)";
				SWIFT_EMIT_LOC_STRINGS = YES;
				SWIFT_VERSION = 5.0;
				TARGETED_DEVICE_FAMILY = "1,2";
			};
			name = Release;
		};
/* End XCBuildConfiguration section */

/* Begin XCConfigurationList section */
		42187C5A2A27580D0017FB7C /* Build configuration list for PBXProject "Spotify" */ = {
			isa = XCConfigurationList;
			buildConfigurations = (
				42187C6B2A27580F0017FB7C /* Debug */,
				42187C6C2A27580F0017FB7C /* Release */,
			);
			defaultConfigurationIsVisible = 0;
			defaultConfigurationName = Release;
		};
		42187C6D2A27580F0017FB7C /* Build configuration list for PBXNativeTarget "Spotify" */ = {
			isa = XCConfigurationList;
			buildConfigurations = (
				42187C6E2A27580F0017FB7C /* Debug */,
				42187C6F2A27580F0017FB7C /* Release */,
			);
			defaultConfigurationIsVisible = 0;
			defaultConfigurationName = Release;
		};
/* End XCConfigurationList section */
	};
	rootObject = 42187C572A27580D0017FB7C /* Project object */;
}
