// !$*UTF8*$!
{
	archiveVersion = 1;
	classes = {
	};
	objectVersion = 56;
	objects = {

/* Begin PBXBuildFile section */
		424323442A3AD3F7001945DB /* StorePageView.swift in Sources */ = {isa = PBXBuildFile; fileRef = 424323432A3AD3F7001945DB /* StorePageView.swift */; };
		4278030A2A361BEE006773CD /* TamJaiSamGorApp.swift in Sources */ = {isa = PBXBuildFile; fileRef = 427803092A361BEE006773CD /* TamJaiSamGorApp.swift */; };
		4278030C2A361BEE006773CD /* ContentView.swift in Sources */ = {isa = PBXBuildFile; fileRef = 4278030B2A361BEE006773CD /* ContentView.swift */; };
		4278030E2A361BF0006773CD /* Assets.xcassets in Resources */ = {isa = PBXBuildFile; fileRef = 4278030D2A361BF0006773CD /* Assets.xcassets */; };
		427803112A361BF0006773CD /* Preview Assets.xcassets in Resources */ = {isa = PBXBuildFile; fileRef = 427803102A361BF0006773CD /* Preview Assets.xcassets */; };
		42D709B42A36C94400357215 /* NewsPageView.swift in Sources */ = {isa = PBXBuildFile; fileRef = 42D709B32A36C94400357215 /* NewsPageView.swift */; };
		42D709B62A36D0E800357215 /* InboxPageView.swift in Sources */ = {isa = PBXBuildFile; fileRef = 42D709B52A36D0E800357215 /* InboxPageView.swift */; };
		42D709B82A36D4A200357215 /* RewardRedmptionPageView.swift in Sources */ = {isa = PBXBuildFile; fileRef = 42D709B72A36D4A200357215 /* RewardRedmptionPageView.swift */; };
		42D709BB2A36DE3500357215 /* RewardDetailsPageView.swift in Sources */ = {isa = PBXBuildFile; fileRef = 42D709BA2A36DE3500357215 /* RewardDetailsPageView.swift */; };
/* End PBXBuildFile section */

/* Begin PBXFileReference section */
		424323432A3AD3F7001945DB /* StorePageView.swift */ = {isa = PBXFileReference; lastKnownFileType = sourcecode.swift; path = StorePageView.swift; sourceTree = "<group>"; };
		427803062A361BEE006773CD /* TamJaiSamGor.app */ = {isa = PBXFileReference; explicitFileType = wrapper.application; includeInIndex = 0; path = TamJaiSamGor.app; sourceTree = BUILT_PRODUCTS_DIR; };
		427803092A361BEE006773CD /* TamJaiSamGorApp.swift */ = {isa = PBXFileReference; lastKnownFileType = sourcecode.swift; path = TamJaiSamGorApp.swift; sourceTree = "<group>"; };
		4278030B2A361BEE006773CD /* ContentView.swift */ = {isa = PBXFileReference; lastKnownFileType = sourcecode.swift; path = ContentView.swift; sourceTree = "<group>"; };
		4278030D2A361BF0006773CD /* Assets.xcassets */ = {isa = PBXFileReference; lastKnownFileType = folder.assetcatalog; path = Assets.xcassets; sourceTree = "<group>"; };
		427803102A361BF0006773CD /* Preview Assets.xcassets */ = {isa = PBXFileReference; lastKnownFileType = folder.assetcatalog; path = "Preview Assets.xcassets"; sourceTree = "<group>"; };
		42D709B32A36C94400357215 /* NewsPageView.swift */ = {isa = PBXFileReference; lastKnownFileType = sourcecode.swift; path = NewsPageView.swift; sourceTree = "<group>"; };
		42D709B52A36D0E800357215 /* InboxPageView.swift */ = {isa = PBXFileReference; lastKnownFileType = sourcecode.swift; path = InboxPageView.swift; sourceTree = "<group>"; };
		42D709B72A36D4A200357215 /* RewardRedmptionPageView.swift */ = {isa = PBXFileReference; lastKnownFileType = sourcecode.swift; path = RewardRedmptionPageView.swift; sourceTree = "<group>"; };
		42D709BA2A36DE3500357215 /* RewardDetailsPageView.swift */ = {isa = PBXFileReference; lastKnownFileType = sourcecode.swift; path = RewardDetailsPageView.swift; sourceTree = "<group>"; };
/* End PBXFileReference section */

/* Begin PBXFrameworksBuildPhase section */
		427803032A361BEE006773CD /* Frameworks */ = {
			isa = PBXFrameworksBuildPhase;
			buildActionMask = 2147483647;
			files = (
			);
			runOnlyForDeploymentPostprocessing = 0;
		};
/* End PBXFrameworksBuildPhase section */

/* Begin PBXGroup section */
		427802FD2A361BEE006773CD = {
			isa = PBXGroup;
			children = (
				427803082A361BEE006773CD /* TamJaiSamGor */,
				427803072A361BEE006773CD /* Products */,
			);
			sourceTree = "<group>";
		};
		427803072A361BEE006773CD /* Products */ = {
			isa = PBXGroup;
			children = (
				427803062A361BEE006773CD /* TamJaiSamGor.app */,
			);
			name = Products;
			sourceTree = "<group>";
		};
		427803082A361BEE006773CD /* TamJaiSamGor */ = {
			isa = PBXGroup;
			children = (
				42D709B22A36C93600357215 /* Screeen */,
				427803092A361BEE006773CD /* TamJaiSamGorApp.swift */,
				4278030B2A361BEE006773CD /* ContentView.swift */,
				4278030D2A361BF0006773CD /* Assets.xcassets */,
				4278030F2A361BF0006773CD /* Preview Content */,
			);
			path = TamJaiSamGor;
			sourceTree = "<group>";
		};
		4278030F2A361BF0006773CD /* Preview Content */ = {
			isa = PBXGroup;
			children = (
				427803102A361BF0006773CD /* Preview Assets.xcassets */,
			);
			path = "Preview Content";
			sourceTree = "<group>";
		};
		42D709B22A36C93600357215 /* Screeen */ = {
			isa = PBXGroup;
			children = (
				42D709B92A36DE2100357215 /* Reward */,
				42D709B32A36C94400357215 /* NewsPageView.swift */,
				42D709B52A36D0E800357215 /* InboxPageView.swift */,
				424323432A3AD3F7001945DB /* StorePageView.swift */,
			);
			path = Screeen;
			sourceTree = "<group>";
		};
		42D709B92A36DE2100357215 /* Reward */ = {
			isa = PBXGroup;
			children = (
				42D709B72A36D4A200357215 /* RewardRedmptionPageView.swift */,
				42D709BA2A36DE3500357215 /* RewardDetailsPageView.swift */,
			);
			path = Reward;
			sourceTree = "<group>";
		};
/* End PBXGroup section */

/* Begin PBXNativeTarget section */
		427803052A361BEE006773CD /* TamJaiSamGor */ = {
			isa = PBXNativeTarget;
			buildConfigurationList = 427803142A361BF0006773CD /* Build configuration list for PBXNativeTarget "TamJaiSamGor" */;
			buildPhases = (
				427803022A361BEE006773CD /* Sources */,
				427803032A361BEE006773CD /* Frameworks */,
				427803042A361BEE006773CD /* Resources */,
			);
			buildRules = (
			);
			dependencies = (
			);
			name = TamJaiSamGor;
			productName = TamJaiSamGor;
			productReference = 427803062A361BEE006773CD /* TamJaiSamGor.app */;
			productType = "com.apple.product-type.application";
		};
/* End PBXNativeTarget section */

/* Begin PBXProject section */
		427802FE2A361BEE006773CD /* Project object */ = {
			isa = PBXProject;
			attributes = {
				BuildIndependentTargetsInParallel = 1;
				LastSwiftUpdateCheck = 1420;
				LastUpgradeCheck = 1420;
				TargetAttributes = {
					427803052A361BEE006773CD = {
						CreatedOnToolsVersion = 14.2;
					};
				};
			};
			buildConfigurationList = 427803012A361BEE006773CD /* Build configuration list for PBXProject "TamJaiSamGor" */;
			compatibilityVersion = "Xcode 14.0";
			developmentRegion = en;
			hasScannedForEncodings = 0;
			knownRegions = (
				en,
				Base,
			);
			mainGroup = 427802FD2A361BEE006773CD;
			productRefGroup = 427803072A361BEE006773CD /* Products */;
			projectDirPath = "";
			projectRoot = "";
			targets = (
				427803052A361BEE006773CD /* TamJaiSamGor */,
			);
		};
/* End PBXProject section */

/* Begin PBXResourcesBuildPhase section */
		427803042A361BEE006773CD /* Resources */ = {
			isa = PBXResourcesBuildPhase;
			buildActionMask = 2147483647;
			files = (
				427803112A361BF0006773CD /* Preview Assets.xcassets in Resources */,
				4278030E2A361BF0006773CD /* Assets.xcassets in Resources */,
			);
			runOnlyForDeploymentPostprocessing = 0;
		};
/* End PBXResourcesBuildPhase section */

/* Begin PBXSourcesBuildPhase section */
		427803022A361BEE006773CD /* Sources */ = {
			isa = PBXSourcesBuildPhase;
			buildActionMask = 2147483647;
			files = (
				42D709B42A36C94400357215 /* NewsPageView.swift in Sources */,
				4278030C2A361BEE006773CD /* ContentView.swift in Sources */,
				42D709B62A36D0E800357215 /* InboxPageView.swift in Sources */,
				42D709BB2A36DE3500357215 /* RewardDetailsPageView.swift in Sources */,
				42D709B82A36D4A200357215 /* RewardRedmptionPageView.swift in Sources */,
				4278030A2A361BEE006773CD /* TamJaiSamGorApp.swift in Sources */,
				424323442A3AD3F7001945DB /* StorePageView.swift in Sources */,
			);
			runOnlyForDeploymentPostprocessing = 0;
		};
/* End PBXSourcesBuildPhase section */

/* Begin XCBuildConfiguration section */
		427803122A361BF0006773CD /* Debug */ = {
			isa = XCBuildConfiguration;
			buildSettings = {
				ALWAYS_SEARCH_USER_PATHS = NO;
				CLANG_ANALYZER_NONNULL = YES;
				CLANG_ANALYZER_NUMBER_OBJECT_CONVERSION = YES_AGGRESSIVE;
				CLANG_CXX_LANGUAGE_STANDARD = "gnu++20";
				CLANG_ENABLE_MODULES = YES;
				CLANG_ENABLE_OBJC_ARC = YES;
				CLANG_ENABLE_OBJC_WEAK = YES;
				CLANG_WARN_BLOCK_CAPTURE_AUTORELEASING = YES;
				CLANG_WARN_BOOL_CONVERSION = YES;
				CLANG_WARN_COMMA = YES;
				CLANG_WARN_CONSTANT_CONVERSION = YES;
				CLANG_WARN_DEPRECATED_OBJC_IMPLEMENTATIONS = YES;
				CLANG_WARN_DIRECT_OBJC_ISA_USAGE = YES_ERROR;
				CLANG_WARN_DOCUMENTATION_COMMENTS = YES;
				CLANG_WARN_EMPTY_BODY = YES;
				CLANG_WARN_ENUM_CONVERSION = YES;
				CLANG_WARN_INFINITE_RECURSION = YES;
				CLANG_WARN_INT_CONVERSION = YES;
				CLANG_WARN_NON_LITERAL_NULL_CONVERSION = YES;
				CLANG_WARN_OBJC_IMPLICIT_RETAIN_SELF = YES;
				CLANG_WARN_OBJC_LITERAL_CONVERSION = YES;
				CLANG_WARN_OBJC_ROOT_CLASS = YES_ERROR;
				CLANG_WARN_QUOTED_INCLUDE_IN_FRAMEWORK_HEADER = YES;
				CLANG_WARN_RANGE_LOOP_ANALYSIS = YES;
				CLANG_WARN_STRICT_PROTOTYPES = YES;
				CLANG_WARN_SUSPICIOUS_MOVE = YES;
				CLANG_WARN_UNGUARDED_AVAILABILITY = YES_AGGRESSIVE;
				CLANG_WARN_UNREACHABLE_CODE = YES;
				CLANG_WARN__DUPLICATE_METHOD_MATCH = YES;
				COPY_PHASE_STRIP = NO;
				DEBUG_INFORMATION_FORMAT = dwarf;
				ENABLE_STRICT_OBJC_MSGSEND = YES;
				ENABLE_TESTABILITY = YES;
				GCC_C_LANGUAGE_STANDARD = gnu11;
				GCC_DYNAMIC_NO_PIC = NO;
				GCC_NO_COMMON_BLOCKS = YES;
				GCC_OPTIMIZATION_LEVEL = 0;
				GCC_PREPROCESSOR_DEFINITIONS = (
					"DEBUG=1",
					"$(inherited)",
				);
				GCC_WARN_64_TO_32_BIT_CONVERSION = YES;
				GCC_WARN_ABOUT_RETURN_TYPE = YES_ERROR;
				GCC_WARN_UNDECLARED_SELECTOR = YES;
				GCC_WARN_UNINITIALIZED_AUTOS = YES_AGGRESSIVE;
				GCC_WARN_UNUSED_FUNCTION = YES;
				GCC_WARN_UNUSED_VARIABLE = YES;
				IPHONEOS_DEPLOYMENT_TARGET = 16.2;
				MTL_ENABLE_DEBUG_INFO = INCLUDE_SOURCE;
				MTL_FAST_MATH = YES;
				ONLY_ACTIVE_ARCH = YES;
				SDKROOT = iphoneos;
				SWIFT_ACTIVE_COMPILATION_CONDITIONS = DEBUG;
				SWIFT_OPTIMIZATION_LEVEL = "-Onone";
			};
			name = Debug;
		};
		427803132A361BF0006773CD /* Release */ = {
			isa = XCBuildConfiguration;
			buildSettings = {
				ALWAYS_SEARCH_USER_PATHS = NO;
				CLANG_ANALYZER_NONNULL = YES;
				CLANG_ANALYZER_NUMBER_OBJECT_CONVERSION = YES_AGGRESSIVE;
				CLANG_CXX_LANGUAGE_STANDARD = "gnu++20";
				CLANG_ENABLE_MODULES = YES;
				CLANG_ENABLE_OBJC_ARC = YES;
				CLANG_ENABLE_OBJC_WEAK = YES;
				CLANG_WARN_BLOCK_CAPTURE_AUTORELEASING = YES;
				CLANG_WARN_BOOL_CONVERSION = YES;
				CLANG_WARN_COMMA = YES;
				CLANG_WARN_CONSTANT_CONVERSION = YES;
				CLANG_WARN_DEPRECATED_OBJC_IMPLEMENTATIONS = YES;
				CLANG_WARN_DIRECT_OBJC_ISA_USAGE = YES_ERROR;
				CLANG_WARN_DOCUMENTATION_COMMENTS = YES;
				CLANG_WARN_EMPTY_BODY = YES;
				CLANG_WARN_ENUM_CONVERSION = YES;
				CLANG_WARN_INFINITE_RECURSION = YES;
				CLANG_WARN_INT_CONVERSION = YES;
				CLANG_WARN_NON_LITERAL_NULL_CONVERSION = YES;
				CLANG_WARN_OBJC_IMPLICIT_RETAIN_SELF = YES;
				CLANG_WARN_OBJC_LITERAL_CONVERSION = YES;
				CLANG_WARN_OBJC_ROOT_CLASS = YES_ERROR;
				CLANG_WARN_QUOTED_INCLUDE_IN_FRAMEWORK_HEADER = YES;
				CLANG_WARN_RANGE_LOOP_ANALYSIS = YES;
				CLANG_WARN_STRICT_PROTOTYPES = YES;
				CLANG_WARN_SUSPICIOUS_MOVE = YES;
				CLANG_WARN_UNGUARDED_AVAILABILITY = YES_AGGRESSIVE;
				CLANG_WARN_UNREACHABLE_CODE = YES;
				CLANG_WARN__DUPLICATE_METHOD_MATCH = YES;
				COPY_PHASE_STRIP = NO;
				DEBUG_INFORMATION_FORMAT = "dwarf-with-dsym";
				ENABLE_NS_ASSERTIONS = NO;
				ENABLE_STRICT_OBJC_MSGSEND = YES;
				GCC_C_LANGUAGE_STANDARD = gnu11;
				GCC_NO_COMMON_BLOCKS = YES;
				GCC_WARN_64_TO_32_BIT_CONVERSION = YES;
				GCC_WARN_ABOUT_RETURN_TYPE = YES_ERROR;
				GCC_WARN_UNDECLARED_SELECTOR = YES;
				GCC_WARN_UNINITIALIZED_AUTOS = YES_AGGRESSIVE;
				GCC_WARN_UNUSED_FUNCTION = YES;
				GCC_WARN_UNUSED_VARIABLE = YES;
				IPHONEOS_DEPLOYMENT_TARGET = 16.2;
				MTL_ENABLE_DEBUG_INFO = NO;
				MTL_FAST_MATH = YES;
				SDKROOT = iphoneos;
				SWIFT_COMPILATION_MODE = wholemodule;
				SWIFT_OPTIMIZATION_LEVEL = "-O";
				VALIDATE_PRODUCT = YES;
			};
			name = Release;
		};
		427803152A361BF0006773CD /* Debug */ = {
			isa = XCBuildConfiguration;
			buildSettings = {
				ASSETCATALOG_COMPILER_APPICON_NAME = AppIcon;
				ASSETCATALOG_COMPILER_GLOBAL_ACCENT_COLOR_NAME = AccentColor;
				CODE_SIGN_STYLE = Automatic;
				CURRENT_PROJECT_VERSION = 1;
				DEVELOPMENT_ASSET_PATHS = "\"TamJaiSamGor/Preview Content\"";
				DEVELOPMENT_TEAM = VW6AF5Z6XL;
				ENABLE_PREVIEWS = YES;
				GENERATE_INFOPLIST_FILE = YES;
				INFOPLIST_KEY_UIApplicationSceneManifest_Generation = YES;
				INFOPLIST_KEY_UIApplicationSupportsIndirectInputEvents = YES;
				INFOPLIST_KEY_UILaunchScreen_Generation = YES;
				INFOPLIST_KEY_UISupportedInterfaceOrientations_iPad = "UIInterfaceOrientationPortrait UIInterfaceOrientationPortraitUpsideDown UIInterfaceOrientationLandscapeLeft UIInterfaceOrientationLandscapeRight";
				INFOPLIST_KEY_UISupportedInterfaceOrientations_iPhone = "UIInterfaceOrientationPortrait UIInterfaceOrientationLandscapeLeft UIInterfaceOrientationLandscapeRight";
				LD_RUNPATH_SEARCH_PATHS = (
					"$(inherited)",
					"@executable_path/Frameworks",
				);
				MARKETING_VERSION = 1.0;
				PRODUCT_BUNDLE_IDENTIFIER = com.Ryu.TamJaiSamGor;
				PRODUCT_NAME = "$(TARGET_NAME)";
				SWIFT_EMIT_LOC_STRINGS = YES;
				SWIFT_VERSION = 5.0;
				TARGETED_DEVICE_FAMILY = "1,2";
			};
			name = Debug;
		};
		427803162A361BF0006773CD /* Release */ = {
			isa = XCBuildConfiguration;
			buildSettings = {
				ASSETCATALOG_COMPILER_APPICON_NAME = AppIcon;
				ASSETCATALOG_COMPILER_GLOBAL_ACCENT_COLOR_NAME = AccentColor;
				CODE_SIGN_STYLE = Automatic;
				CURRENT_PROJECT_VERSION = 1;
				DEVELOPMENT_ASSET_PATHS = "\"TamJaiSamGor/Preview Content\"";
				DEVELOPMENT_TEAM = VW6AF5Z6XL;
				ENABLE_PREVIEWS = YES;
				GENERATE_INFOPLIST_FILE = YES;
				INFOPLIST_KEY_UIApplicationSceneManifest_Generation = YES;
				INFOPLIST_KEY_UIApplicationSupportsIndirectInputEvents = YES;
				INFOPLIST_KEY_UILaunchScreen_Generation = YES;
				INFOPLIST_KEY_UISupportedInterfaceOrientations_iPad = "UIInterfaceOrientationPortrait UIInterfaceOrientationPortraitUpsideDown UIInterfaceOrientationLandscapeLeft UIInterfaceOrientationLandscapeRight";
				INFOPLIST_KEY_UISupportedInterfaceOrientations_iPhone = "UIInterfaceOrientationPortrait UIInterfaceOrientationLandscapeLeft UIInterfaceOrientationLandscapeRight";
				LD_RUNPATH_SEARCH_PATHS = (
					"$(inherited)",
					"@executable_path/Frameworks",
				);
				MARKETING_VERSION = 1.0;
				PRODUCT_BUNDLE_IDENTIFIER = com.Ryu.TamJaiSamGor;
				PRODUCT_NAME = "$(TARGET_NAME)";
				SWIFT_EMIT_LOC_STRINGS = YES;
				SWIFT_VERSION = 5.0;
				TARGETED_DEVICE_FAMILY = "1,2";
			};
			name = Release;
		};
/* End XCBuildConfiguration section */

/* Begin XCConfigurationList section */
		427803012A361BEE006773CD /* Build configuration list for PBXProject "TamJaiSamGor" */ = {
			isa = XCConfigurationList;
			buildConfigurations = (
				427803122A361BF0006773CD /* Debug */,
				427803132A361BF0006773CD /* Release */,
			);
			defaultConfigurationIsVisible = 0;
			defaultConfigurationName = Release;
		};
		427803142A361BF0006773CD /* Build configuration list for PBXNativeTarget "TamJaiSamGor" */ = {
			isa = XCConfigurationList;
			buildConfigurations = (
				427803152A361BF0006773CD /* Debug */,
				427803162A361BF0006773CD /* Release */,
			);
			defaultConfigurationIsVisible = 0;
			defaultConfigurationName = Release;
		};
/* End XCConfigurationList section */
	};
	rootObject = 427802FE2A361BEE006773CD /* Project object */;
}
